// !$*UTF8*$!
{
	archiveVersion = 1;
	classes = {
	};
	objectVersion = 56;
	objects = {

/* Begin PBXBuildFile section */
		AC6FA5562AA5E51100079EFF /* AppDelegate.swift in Sources */ = {isa = PBXBuildFile; fileRef = AC6FA5552AA5E51100079EFF /* AppDelegate.swift */; };
		AC6FA5582AA5E51100079EFF /* SceneDelegate.swift in Sources */ = {isa = PBXBuildFile; fileRef = AC6FA5572AA5E51100079EFF /* SceneDelegate.swift */; };
		AC6FA55D2AA5E51100079EFF /* Main.storyboard in Resources */ = {isa = PBXBuildFile; fileRef = AC6FA55B2AA5E51100079EFF /* Main.storyboard */; };
		AC6FA55F2AA5E51A00079EFF /* Assets.xcassets in Resources */ = {isa = PBXBuildFile; fileRef = AC6FA55E2AA5E51A00079EFF /* Assets.xcassets */; };
		AC6FA5622AA5E51A00079EFF /* LaunchScreen.storyboard in Resources */ = {isa = PBXBuildFile; fileRef = AC6FA5602AA5E51A00079EFF /* LaunchScreen.storyboard */; };
		AC6FA56A2AA5E6C300079EFF /* ColorTableViewController.swift in Sources */ = {isa = PBXBuildFile; fileRef = AC6FA5692AA5E6C300079EFF /* ColorTableViewController.swift */; };
		AC6FA56C2AA5E87400079EFF /* DetailViewController.swift in Sources */ = {isa = PBXBuildFile; fileRef = AC6FA56B2AA5E87400079EFF /* DetailViewController.swift */; };
/* End PBXBuildFile section */

/* Begin PBXFileReference section */
		AC6FA5522AA5E51100079EFF /* ColorDemo.app */ = {isa = PBXFileReference; explicitFileType = wrapper.application; includeInIndex = 0; path = ColorDemo.app; sourceTree = BUILT_PRODUCTS_DIR; };
		AC6FA5552AA5E51100079EFF /* AppDelegate.swift */ = {isa = PBXFileReference; lastKnownFileType = sourcecode.swift; path = AppDelegate.swift; sourceTree = "<group>"; };
		AC6FA5572AA5E51100079EFF /* SceneDelegate.swift */ = {isa = PBXFileReference; lastKnownFileType = sourcecode.swift; path = SceneDelegate.swift; sourceTree = "<group>"; };
		AC6FA55C2AA5E51100079EFF /* Base */ = {isa = PBXFileReference; lastKnownFileType = file.storyboard; name = Base; path = Base.lproj/Main.storyboard; sourceTree = "<group>"; };
		AC6FA55E2AA5E51A00079EFF /* Assets.xcassets */ = {isa = PBXFileReference; lastKnownFileType = folder.assetcatalog; path = Assets.xcassets; sourceTree = "<group>"; };
		AC6FA5612AA5E51A00079EFF /* Base */ = {isa = PBXFileReference; lastKnownFileType = file.storyboard; name = Base; path = Base.lproj/LaunchScreen.storyboard; sourceTree = "<group>"; };
		AC6FA5632AA5E51A00079EFF /* Info.plist */ = {isa = PBXFileReference; lastKnownFileType = text.plist.xml; path = Info.plist; sourceTree = "<group>"; };
		AC6FA5692AA5E6C300079EFF /* ColorTableViewController.swift */ = {isa = PBXFileReference; lastKnownFileType = sourcecode.swift; path = ColorTableViewController.swift; sourceTree = "<group>"; };
		AC6FA56B2AA5E87400079EFF /* DetailViewController.swift */ = {isa = PBXFileReference; lastKnownFileType = sourcecode.swift; path = DetailViewController.swift; sourceTree = "<group>"; };
/* End PBXFileReference section */

/* Begin PBXFrameworksBuildPhase section */
		AC6FA54F2AA5E51100079EFF /* Frameworks */ = {
			isa = PBXFrameworksBuildPhase;
			buildActionMask = 2147483647;
			files = (
			);
			runOnlyForDeploymentPostprocessing = 0;
		};
/* End PBXFrameworksBuildPhase section */

/* Begin PBXGroup section */
		AC6FA5492AA5E51100079EFF = {
			isa = PBXGroup;
			children = (
				AC6FA5542AA5E51100079EFF /* ColorDemo */,
				AC6FA5532AA5E51100079EFF /* Products */,
			);
			sourceTree = "<group>";
		};
		AC6FA5532AA5E51100079EFF /* Products */ = {
			isa = PBXGroup;
			children = (
				AC6FA5522AA5E51100079EFF /* ColorDemo.app */,
			);
			name = Products;
			sourceTree = "<group>";
		};
		AC6FA5542AA5E51100079EFF /* ColorDemo */ = {
			isa = PBXGroup;
			children = (
				AC6FA56D2AA6096000079EFF /* View */,
				AC6FA56E2AA6097A00079EFF /* Controller */,
				AC6FA5552AA5E51100079EFF /* AppDelegate.swift */,
				AC6FA5572AA5E51100079EFF /* SceneDelegate.swift */,
				AC6FA55E2AA5E51A00079EFF /* Assets.xcassets */,
				AC6FA5602AA5E51A00079EFF /* LaunchScreen.storyboard */,
				AC6FA5632AA5E51A00079EFF /* Info.plist */,
			);
			path = ColorDemo;
			sourceTree = "<group>";
		};
		AC6FA56D2AA6096000079EFF /* View */ = {
			isa = PBXGroup;
			children = (
				AC6FA55B2AA5E51100079EFF /* Main.storyboard */,
			);
			name = View;
			sourceTree = "<group>";
		};
		AC6FA56E2AA6097A00079EFF /* Controller */ = {
			isa = PBXGroup;
			children = (
				AC6FA56B2AA5E87400079EFF /* DetailViewController.swift */,
				AC6FA5692AA5E6C300079EFF /* ColorTableViewController.swift */,
			);
			path = Controller;
			sourceTree = "<group>";
		};
/* End PBXGroup section */

/* Begin PBXNativeTarget section */
		AC6FA5512AA5E51100079EFF /* ColorDemo */ = {
			isa = PBXNativeTarget;
			buildConfigurationList = AC6FA5662AA5E51B00079EFF /* Build configuration list for PBXNativeTarget "ColorDemo" */;
			buildPhases = (
				AC6FA54E2AA5E51100079EFF /* Sources */,
				AC6FA54F2AA5E51100079EFF /* Frameworks */,
				AC6FA5502AA5E51100079EFF /* Resources */,
			);
			buildRules = (
			);
			dependencies = (
			);
			name = ColorDemo;
			productName = ColorDemo;
			productReference = AC6FA5522AA5E51100079EFF /* ColorDemo.app */;
			productType = "com.apple.product-type.application";
		};
/* End PBXNativeTarget section */

/* Begin PBXProject section */
		AC6FA54A2AA5E51100079EFF /* Project object */ = {
			isa = PBXProject;
			attributes = {
				BuildIndependentTargetsInParallel = 1;
				LastSwiftUpdateCheck = 1420;
				LastUpgradeCheck = 1420;
				TargetAttributes = {
					AC6FA5512AA5E51100079EFF = {
						CreatedOnToolsVersion = 14.2;
					};
				};
			};
			buildConfigurationList = AC6FA54D2AA5E51100079EFF /* Build configuration list for PBXProject "ColorDemo" */;
			compatibilityVersion = "Xcode 14.0";
			developmentRegion = en;
			hasScannedForEncodings = 0;
			knownRegions = (
				en,
				Base,
			);
			mainGroup = AC6FA5492AA5E51100079EFF;
			productRefGroup = AC6FA5532AA5E51100079EFF /* Products */;
			projectDirPath = "";
			projectRoot = "";
			targets = (
				AC6FA5512AA5E51100079EFF /* ColorDemo */,
			);
		};
/* End PBXProject section */

/* Begin PBXResourcesBuildPhase section */
		AC6FA5502AA5E51100079EFF /* Resources */ = {
			isa = PBXResourcesBuildPhase;
			buildActionMask = 2147483647;
			files = (
				AC6FA5622AA5E51A00079EFF /* LaunchScreen.storyboard in Resources */,
				AC6FA55F2AA5E51A00079EFF /* Assets.xcassets in Resources */,
				AC6FA55D2AA5E51100079EFF /* Main.storyboard in Resources */,
			);
			runOnlyForDeploymentPostprocessing = 0;
		};
/* End PBXResourcesBuildPhase section */

/* Begin PBXSourcesBuildPhase section */
		AC6FA54E2AA5E51100079EFF /* Sources */ = {
			isa = PBXSourcesBuildPhase;
			buildActionMask = 2147483647;
			files = (
				AC6FA5562AA5E51100079EFF /* AppDelegate.swift in Sources */,
				AC6FA5582AA5E51100079EFF /* SceneDelegate.swift in Sources */,
				AC6FA56A2AA5E6C300079EFF /* ColorTableViewController.swift in Sources */,
				AC6FA56C2AA5E87400079EFF /* DetailViewController.swift in Sources */,
			);
			runOnlyForDeploymentPostprocessing = 0;
		};
/* End PBXSourcesBuildPhase section */

/* Begin PBXVariantGroup section */
		AC6FA55B2AA5E51100079EFF /* Main.storyboard */ = {
			isa = PBXVariantGroup;
			children = (
				AC6FA55C2AA5E51100079EFF /* Base */,
			);
			name = Main.storyboard;
			sourceTree = "<group>";
		};
		AC6FA5602AA5E51A00079EFF /* LaunchScreen.storyboard */ = {
			isa = PBXVariantGroup;
			children = (
				AC6FA5612AA5E51A00079EFF /* Base */,
			);
			name = LaunchScreen.storyboard;
			sourceTree = "<group>";
		};
/* End PBXVariantGroup section */

/* Begin XCBuildConfiguration section */
		AC6FA5642AA5E51B00079EFF /* Debug */ = {
			isa = XCBuildConfiguration;
			buildSettings = {
				ALWAYS_SEARCH_USER_PATHS = NO;
				CLANG_ANALYZER_NONNULL = YES;
				CLANG_ANALYZER_NUMBER_OBJECT_CONVERSION = YES_AGGRESSIVE;
				CLANG_CXX_LANGUAGE_STANDARD = "gnu++20";
				CLANG_ENABLE_MODULES = YES;
				CLANG_ENABLE_OBJC_ARC = YES;
				CLANG_ENABLE_OBJC_WEAK = YES;
				CLANG_WARN_BLOCK_CAPTURE_AUTORELEASING = YES;
				CLANG_WARN_BOOL_CONVERSION = YES;
				CLANG_WARN_COMMA = YES;
				CLANG_WARN_CONSTANT_CONVERSION = YES;
				CLANG_WARN_DEPRECATED_OBJC_IMPLEMENTATIONS = YES;
				CLANG_WARN_DIRECT_OBJC_ISA_USAGE = YES_ERROR;
				CLANG_WARN_DOCUMENTATION_COMMENTS = YES;
				CLANG_WARN_EMPTY_BODY = YES;
				CLANG_WARN_ENUM_CONVERSION = YES;
				CLANG_WARN_INFINITE_RECURSION = YES;
				CLANG_WARN_INT_CONVERSION = YES;
				CLANG_WARN_NON_LITERAL_NULL_CONVERSION = YES;
				CLANG_WARN_OBJC_IMPLICIT_RETAIN_SELF = YES;
				CLANG_WARN_OBJC_LITERAL_CONVERSION = YES;
				CLANG_WARN_OBJC_ROOT_CLASS = YES_ERROR;
				CLANG_WARN_QUOTED_INCLUDE_IN_FRAMEWORK_HEADER = YES;
				CLANG_WARN_RANGE_LOOP_ANALYSIS = YES;
				CLANG_WARN_STRICT_PROTOTYPES = YES;
				CLANG_WARN_SUSPICIOUS_MOVE = YES;
				CLANG_WARN_UNGUARDED_AVAILABILITY = YES_AGGRESSIVE;
				CLANG_WARN_UNREACHABLE_CODE = YES;
				CLANG_WARN__DUPLICATE_METHOD_MATCH = YES;
				COPY_PHASE_STRIP = NO;
				DEBUG_INFORMATION_FORMAT = dwarf;
				ENABLE_STRICT_OBJC_MSGSEND = YES;
				ENABLE_TESTABILITY = YES;
				GCC_C_LANGUAGE_STANDARD = gnu11;
				GCC_DYNAMIC_NO_PIC = NO;
				GCC_NO_COMMON_BLOCKS = YES;
				GCC_OPTIMIZATION_LEVEL = 0;
				GCC_PREPROCESSOR_DEFINITIONS = (
					"DEBUG=1",
					"$(inherited)",
				);
				GCC_WARN_64_TO_32_BIT_CONVERSION = YES;
				GCC_WARN_ABOUT_RETURN_TYPE = YES_ERROR;
				GCC_WARN_UNDECLARED_SELECTOR = YES;
				GCC_WARN_UNINITIALIZED_AUTOS = YES_AGGRESSIVE;
				GCC_WARN_UNUSED_FUNCTION = YES;
				GCC_WARN_UNUSED_VARIABLE = YES;
				IPHONEOS_DEPLOYMENT_TARGET = 16.2;
				MTL_ENABLE_DEBUG_INFO = INCLUDE_SOURCE;
				MTL_FAST_MATH = YES;
				ONLY_ACTIVE_ARCH = YES;
				SDKROOT = iphoneos;
				SWIFT_ACTIVE_COMPILATION_CONDITIONS = DEBUG;
				SWIFT_OPTIMIZATION_LEVEL = "-Onone";
			};
			name = Debug;
		};
		AC6FA5652AA5E51B00079EFF /* Release */ = {
			isa = XCBuildConfiguration;
			buildSettings = {
				ALWAYS_SEARCH_USER_PATHS = NO;
				CLANG_ANALYZER_NONNULL = YES;
				CLANG_ANALYZER_NUMBER_OBJECT_CONVERSION = YES_AGGRESSIVE;
				CLANG_CXX_LANGUAGE_STANDARD = "gnu++20";
				CLANG_ENABLE_MODULES = YES;
				CLANG_ENABLE_OBJC_ARC = YES;
				CLANG_ENABLE_OBJC_WEAK = YES;
				CLANG_WARN_BLOCK_CAPTURE_AUTORELEASING = YES;
				CLANG_WARN_BOOL_CONVERSION = YES;
				CLANG_WARN_COMMA = YES;
				CLANG_WARN_CONSTANT_CONVERSION = YES;
				CLANG_WARN_DEPRECATED_OBJC_IMPLEMENTATIONS = YES;
				CLANG_WARN_DIRECT_OBJC_ISA_USAGE = YES_ERROR;
				CLANG_WARN_DOCUMENTATION_COMMENTS = YES;
				CLANG_WARN_EMPTY_BODY = YES;
				CLANG_WARN_ENUM_CONVERSION = YES;
				CLANG_WARN_INFINITE_RECURSION = YES;
				CLANG_WARN_INT_CONVERSION = YES;
				CLANG_WARN_NON_LITERAL_NULL_CONVERSION = YES;
				CLANG_WARN_OBJC_IMPLICIT_RETAIN_SELF = YES;
				CLANG_WARN_OBJC_LITERAL_CONVERSION = YES;
				CLANG_WARN_OBJC_ROOT_CLASS = YES_ERROR;
				CLANG_WARN_QUOTED_INCLUDE_IN_FRAMEWORK_HEADER = YES;
				CLANG_WARN_RANGE_LOOP_ANALYSIS = YES;
				CLANG_WARN_STRICT_PROTOTYPES = YES;
				CLANG_WARN_SUSPICIOUS_MOVE = YES;
				CLANG_WARN_UNGUARDED_AVAILABILITY = YES_AGGRESSIVE;
				CLANG_WARN_UNREACHABLE_CODE = YES;
				CLANG_WARN__DUPLICATE_METHOD_MATCH = YES;
				COPY_PHASE_STRIP = NO;
				DEBUG_INFORMATION_FORMAT = "dwarf-with-dsym";
				ENABLE_NS_ASSERTIONS = NO;
				ENABLE_STRICT_OBJC_MSGSEND = YES;
				GCC_C_LANGUAGE_STANDARD = gnu11;
				GCC_NO_COMMON_BLOCKS = YES;
				GCC_WARN_64_TO_32_BIT_CONVERSION = YES;
				GCC_WARN_ABOUT_RETURN_TYPE = YES_ERROR;
				GCC_WARN_UNDECLARED_SELECTOR = YES;
				GCC_WARN_UNINITIALIZED_AUTOS = YES_AGGRESSIVE;
				GCC_WARN_UNUSED_FUNCTION = YES;
				GCC_WARN_UNUSED_VARIABLE = YES;
				IPHONEOS_DEPLOYMENT_TARGET = 16.2;
				MTL_ENABLE_DEBUG_INFO = NO;
				MTL_FAST_MATH = YES;
				SDKROOT = iphoneos;
				SWIFT_COMPILATION_MODE = wholemodule;
				SWIFT_OPTIMIZATION_LEVEL = "-O";
				VALIDATE_PRODUCT = YES;
			};
			name = Release;
		};
		AC6FA5672AA5E51B00079EFF /* Debug */ = {
			isa = XCBuildConfiguration;
			buildSettings = {
				ASSETCATALOG_COMPILER_APPICON_NAME = AppIcon;
				ASSETCATALOG_COMPILER_GLOBAL_ACCENT_COLOR_NAME = AccentColor;
				CODE_SIGN_STYLE = Automatic;
				CURRENT_PROJECT_VERSION = 1;
				DEVELOPMENT_TEAM = FY4PA9E3BA;
				GENERATE_INFOPLIST_FILE = YES;
				INFOPLIST_FILE = ColorDemo/Info.plist;
				INFOPLIST_KEY_UIApplicationSupportsIndirectInputEvents = YES;
				INFOPLIST_KEY_UILaunchStoryboardName = LaunchScreen;
				INFOPLIST_KEY_UIMainStoryboardFile = Main;
				INFOPLIST_KEY_UISupportedInterfaceOrientations_iPad = "UIInterfaceOrientationPortrait UIInterfaceOrientationPortraitUpsideDown UIInterfaceOrientationLandscapeLeft UIInterfaceOrientationLandscapeRight";
				INFOPLIST_KEY_UISupportedInterfaceOrientations_iPhone = "UIInterfaceOrientationPortrait UIInterfaceOrientationLandscapeLeft UIInterfaceOrientationLandscapeRight";
				LD_RUNPATH_SEARCH_PATHS = (
					"$(inherited)",
					"@executable_path/Frameworks",
				);
				MARKETING_VERSION = 1.0;
				PRODUCT_BUNDLE_IDENTIFIER = "ftechiz-solution.ColorDemo";
				PRODUCT_NAME = "$(TARGET_NAME)";
				SWIFT_EMIT_LOC_STRINGS = YES;
				SWIFT_VERSION = 5.0;
				TARGETED_DEVICE_FAMILY = "1,2";
			};
			name = Debug;
		};
		AC6FA5682AA5E51B00079EFF /* Release */ = {
			isa = XCBuildConfiguration;
			buildSettings = {
				ASSETCATALOG_COMPILER_APPICON_NAME = AppIcon;
				ASSETCATALOG_COMPILER_GLOBAL_ACCENT_COLOR_NAME = AccentColor;
				CODE_SIGN_STYLE = Automatic;
				CURRENT_PROJECT_VERSION = 1;
				DEVELOPMENT_TEAM = FY4PA9E3BA;
				GENERATE_INFOPLIST_FILE = YES;
				INFOPLIST_FILE = ColorDemo/Info.plist;
				INFOPLIST_KEY_UIApplicationSupportsIndirectInputEvents = YES;
				INFOPLIST_KEY_UILaunchStoryboardName = LaunchScreen;
				INFOPLIST_KEY_UIMainStoryboardFile = Main;
				INFOPLIST_KEY_UISupportedInterfaceOrientations_iPad = "UIInterfaceOrientationPortrait UIInterfaceOrientationPortraitUpsideDown UIInterfaceOrientationLandscapeLeft UIInterfaceOrientationLandscapeRight";
				INFOPLIST_KEY_UISupportedInterfaceOrientations_iPhone = "UIInterfaceOrientationPortrait UIInterfaceOrientationLandscapeLeft UIInterfaceOrientationLandscapeRight";
				LD_RUNPATH_SEARCH_PATHS = (
					"$(inherited)",
					"@executable_path/Frameworks",
				);
				MARKETING_VERSION = 1.0;
				PRODUCT_BUNDLE_IDENTIFIER = "ftechiz-solution.ColorDemo";
				PRODUCT_NAME = "$(TARGET_NAME)";
				SWIFT_EMIT_LOC_STRINGS = YES;
				SWIFT_VERSION = 5.0;
				TARGETED_DEVICE_FAMILY = "1,2";
			};
			name = Release;
		};
/* End XCBuildConfiguration section */

/* Begin XCConfigurationList section */
		AC6FA54D2AA5E51100079EFF /* Build configuration list for PBXProject "ColorDemo" */ = {
			isa = XCConfigurationList;
			buildConfigurations = (
				AC6FA5642AA5E51B00079EFF /* Debug */,
				AC6FA5652AA5E51B00079EFF /* Release */,
			);
			defaultConfigurationIsVisible = 0;
			defaultConfigurationName = Release;
		};
		AC6FA5662AA5E51B00079EFF /* Build configuration list for PBXNativeTarget "ColorDemo" */ = {
			isa = XCConfigurationList;
			buildConfigurations = (
				AC6FA5672AA5E51B00079EFF /* Debug */,
				AC6FA5682AA5E51B00079EFF /* Release */,
			);
			defaultConfigurationIsVisible = 0;
			defaultConfigurationName = Release;
		};
/* End XCConfigurationList section */
	};
	rootObject = AC6FA54A2AA5E51100079EFF /* Project object */;
}
